// !$*UTF8*$!
{
	archiveVersion = 1;
	classes = {
	};
	objectVersion = 51;
	objects = {

/* Begin PBXBuildFile section */
		136103860B91D4808C1335AB /* Pods_YaXerit.framework in Frameworks */ = {isa = PBXBuildFile; fileRef = 7582355F9CA1500408D93D81 /* Pods_YaXerit.framework */; };
		C812303124C9FE4C00F20FAB /* SessionStore.swift in Sources */ = {isa = PBXBuildFile; fileRef = C812303024C9FE4C00F20FAB /* SessionStore.swift */; };
		C8887ECE24C9B32D00D4A7B2 /* LoginPage.swift in Sources */ = {isa = PBXBuildFile; fileRef = C8887ECD24C9B32D00D4A7B2 /* LoginPage.swift */; };
		C8887ED024C9B34B00D4A7B2 /* SignupPage.swift in Sources */ = {isa = PBXBuildFile; fileRef = C8887ECF24C9B34B00D4A7B2 /* SignupPage.swift */; };
		C8AC3D7C24C46C2F00457994 /* LocationManager2.swift in Sources */ = {isa = PBXBuildFile; fileRef = C8AC3D7B24C46C2F00457994 /* LocationManager2.swift */; };
		C8AC3D8024C4A63100457994 /* RouteManager.swift in Sources */ = {isa = PBXBuildFile; fileRef = C8AC3D7F24C4A63100457994 /* RouteManager.swift */; };
		C8B54A4524CAE30B001F3F77 /* GoogleService-Info.plist in Resources */ = {isa = PBXBuildFile; fileRef = C8B54A4424CAE30B001F3F77 /* GoogleService-Info.plist */; };
		C8B54A4824CB1040001F3F77 /* test.swift in Sources */ = {isa = PBXBuildFile; fileRef = C8B54A4724CB1040001F3F77 /* test.swift */; };
		C8C1A79E249B87AE00B3704A /* AppDelegate.swift in Sources */ = {isa = PBXBuildFile; fileRef = C8C1A79D249B87AE00B3704A /* AppDelegate.swift */; };
		C8C1A7A0249B87AE00B3704A /* SceneDelegate.swift in Sources */ = {isa = PBXBuildFile; fileRef = C8C1A79F249B87AE00B3704A /* SceneDelegate.swift */; };
		C8C1A7A2249B87AE00B3704A /* ContentView.swift in Sources */ = {isa = PBXBuildFile; fileRef = C8C1A7A1249B87AE00B3704A /* ContentView.swift */; };
		C8C1A7A4249B87B200B3704A /* Assets.xcassets in Resources */ = {isa = PBXBuildFile; fileRef = C8C1A7A3249B87B200B3704A /* Assets.xcassets */; };
		C8C1A7A7249B87B200B3704A /* Preview Assets.xcassets in Resources */ = {isa = PBXBuildFile; fileRef = C8C1A7A6249B87B200B3704A /* Preview Assets.xcassets */; };
		C8C1A7AA249B87B200B3704A /* LaunchScreen.storyboard in Resources */ = {isa = PBXBuildFile; fileRef = C8C1A7A8249B87B200B3704A /* LaunchScreen.storyboard */; };
		C8DF71CC24BE084400E0F006 /* ListView.swift in Sources */ = {isa = PBXBuildFile; fileRef = C8DF71CB24BE084400E0F006 /* ListView.swift */; };
		C8EF835E24BF128B00522F3C /* MapView.swift in Sources */ = {isa = PBXBuildFile; fileRef = C8EF835D24BF128B00522F3C /* MapView.swift */; };
		C8EF836224BF462900522F3C /* GoogleMapView.swift in Sources */ = {isa = PBXBuildFile; fileRef = C8EF836124BF462900522F3C /* GoogleMapView.swift */; };
		C8EF836424BF787900522F3C /* LocationManager.swift in Sources */ = {isa = PBXBuildFile; fileRef = C8EF836324BF787900522F3C /* LocationManager.swift */; };
		C8EF836624BF7D7800522F3C /* PlacesManager.swift in Sources */ = {isa = PBXBuildFile; fileRef = C8EF836524BF7D7800522F3C /* PlacesManager.swift */; };
		C8EF836824BF7E5000522F3C /* PlacesList.swift in Sources */ = {isa = PBXBuildFile; fileRef = C8EF836724BF7E5000522F3C /* PlacesList.swift */; };
/* End PBXBuildFile section */

/* Begin PBXFileReference section */
		05B92F0C6EDAC5CCE631B2E0 /* Pods-YaXerit.debug.xcconfig */ = {isa = PBXFileReference; includeInIndex = 1; lastKnownFileType = text.xcconfig; name = "Pods-YaXerit.debug.xcconfig"; path = "Target Support Files/Pods-YaXerit/Pods-YaXerit.debug.xcconfig"; sourceTree = "<group>"; };
		1A16363667B91465BC095337 /* Pods-YaXerit.release.xcconfig */ = {isa = PBXFileReference; includeInIndex = 1; lastKnownFileType = text.xcconfig; name = "Pods-YaXerit.release.xcconfig"; path = "Target Support Files/Pods-YaXerit/Pods-YaXerit.release.xcconfig"; sourceTree = "<group>"; };
		7582355F9CA1500408D93D81 /* Pods_YaXerit.framework */ = {isa = PBXFileReference; explicitFileType = wrapper.framework; includeInIndex = 0; path = Pods_YaXerit.framework; sourceTree = BUILT_PRODUCTS_DIR; };
		C812303024C9FE4C00F20FAB /* SessionStore.swift */ = {isa = PBXFileReference; lastKnownFileType = sourcecode.swift; path = SessionStore.swift; sourceTree = "<group>"; };
		C8887ECD24C9B32D00D4A7B2 /* LoginPage.swift */ = {isa = PBXFileReference; lastKnownFileType = sourcecode.swift; path = LoginPage.swift; sourceTree = "<group>"; };
		C8887ECF24C9B34B00D4A7B2 /* SignupPage.swift */ = {isa = PBXFileReference; lastKnownFileType = sourcecode.swift; path = SignupPage.swift; sourceTree = "<group>"; };
		C8AC3D7B24C46C2F00457994 /* LocationManager2.swift */ = {isa = PBXFileReference; lastKnownFileType = sourcecode.swift; path = LocationManager2.swift; sourceTree = "<group>"; };
		C8AC3D7F24C4A63100457994 /* RouteManager.swift */ = {isa = PBXFileReference; lastKnownFileType = sourcecode.swift; path = RouteManager.swift; sourceTree = "<group>"; };
		C8B54A4424CAE30B001F3F77 /* GoogleService-Info.plist */ = {isa = PBXFileReference; fileEncoding = 4; lastKnownFileType = text.plist.xml; name = "GoogleService-Info.plist"; path = "../../../GoogleService-Info.plist"; sourceTree = "<group>"; };
		C8B54A4724CB1040001F3F77 /* test.swift */ = {isa = PBXFileReference; lastKnownFileType = sourcecode.swift; path = test.swift; sourceTree = "<group>"; };
		C8C1A79A249B87AE00B3704A /* YaXerit.app */ = {isa = PBXFileReference; explicitFileType = wrapper.application; includeInIndex = 0; path = YaXerit.app; sourceTree = BUILT_PRODUCTS_DIR; };
		C8C1A79D249B87AE00B3704A /* AppDelegate.swift */ = {isa = PBXFileReference; lastKnownFileType = sourcecode.swift; path = AppDelegate.swift; sourceTree = "<group>"; };
		C8C1A79F249B87AE00B3704A /* SceneDelegate.swift */ = {isa = PBXFileReference; lastKnownFileType = sourcecode.swift; path = SceneDelegate.swift; sourceTree = "<group>"; };
		C8C1A7A1249B87AE00B3704A /* ContentView.swift */ = {isa = PBXFileReference; lastKnownFileType = sourcecode.swift; path = ContentView.swift; sourceTree = "<group>"; };
		C8C1A7A3249B87B200B3704A /* Assets.xcassets */ = {isa = PBXFileReference; lastKnownFileType = folder.assetcatalog; path = Assets.xcassets; sourceTree = "<group>"; };
		C8C1A7A6249B87B200B3704A /* Preview Assets.xcassets */ = {isa = PBXFileReference; lastKnownFileType = folder.assetcatalog; path = "Preview Assets.xcassets"; sourceTree = "<group>"; };
		C8C1A7A9249B87B200B3704A /* Base */ = {isa = PBXFileReference; lastKnownFileType = file.storyboard; name = Base; path = Base.lproj/LaunchScreen.storyboard; sourceTree = "<group>"; };
		C8C1A7AB249B87B200B3704A /* Info.plist */ = {isa = PBXFileReference; lastKnownFileType = text.plist.xml; path = Info.plist; sourceTree = "<group>"; };
		C8DF71CB24BE084400E0F006 /* ListView.swift */ = {isa = PBXFileReference; lastKnownFileType = sourcecode.swift; path = ListView.swift; sourceTree = "<group>"; };
		C8EF835D24BF128B00522F3C /* MapView.swift */ = {isa = PBXFileReference; lastKnownFileType = sourcecode.swift; path = MapView.swift; sourceTree = "<group>"; };
		C8EF836124BF462900522F3C /* GoogleMapView.swift */ = {isa = PBXFileReference; lastKnownFileType = sourcecode.swift; path = GoogleMapView.swift; sourceTree = "<group>"; };
		C8EF836324BF787900522F3C /* LocationManager.swift */ = {isa = PBXFileReference; lastKnownFileType = sourcecode.swift; path = LocationManager.swift; sourceTree = "<group>"; };
		C8EF836524BF7D7800522F3C /* PlacesManager.swift */ = {isa = PBXFileReference; lastKnownFileType = sourcecode.swift; path = PlacesManager.swift; sourceTree = "<group>"; };
		C8EF836724BF7E5000522F3C /* PlacesList.swift */ = {isa = PBXFileReference; lastKnownFileType = sourcecode.swift; path = PlacesList.swift; sourceTree = "<group>"; };
/* End PBXFileReference section */

/* Begin PBXFrameworksBuildPhase section */
		C8C1A797249B87AD00B3704A /* Frameworks */ = {
			isa = PBXFrameworksBuildPhase;
			buildActionMask = 2147483647;
			files = (
				136103860B91D4808C1335AB /* Pods_YaXerit.framework in Frameworks */,
			);
			runOnlyForDeploymentPostprocessing = 0;
		};
/* End PBXFrameworksBuildPhase section */

/* Begin PBXGroup section */
		67593A71524F47E324EAF65A /* Pods */ = {
			isa = PBXGroup;
			children = (
				05B92F0C6EDAC5CCE631B2E0 /* Pods-YaXerit.debug.xcconfig */,
				1A16363667B91465BC095337 /* Pods-YaXerit.release.xcconfig */,
			);
			path = Pods;
			sourceTree = "<group>";
		};
		BE626A809CD899CE3186D1ED /* Frameworks */ = {
			isa = PBXGroup;
			children = (
				7582355F9CA1500408D93D81 /* Pods_YaXerit.framework */,
			);
			name = Frameworks;
			sourceTree = "<group>";
		};
		C8059127249F6B73007C876A /* Views */ = {
			isa = PBXGroup;
			children = (
				C8B54A4624CB1015001F3F77 /* AfterLogin */,
				C8887ED324C9BD7A00D4A7B2 /* loginSignup */,
			);
			path = Views;
			sourceTree = "<group>";
		};
		C805FB0924A21E610080E00E /* Managers */ = {
			isa = PBXGroup;
			children = (
				C8EF836324BF787900522F3C /* LocationManager.swift */,
				C8EF836524BF7D7800522F3C /* PlacesManager.swift */,
				C8AC3D7B24C46C2F00457994 /* LocationManager2.swift */,
				C8AC3D7F24C4A63100457994 /* RouteManager.swift */,
			);
			path = Managers;
			sourceTree = "<group>";
		};
		C871DA6124A2696200DE1600 /* Models */ = {
			isa = PBXGroup;
			children = (
			);
			path = Models;
			sourceTree = "<group>";
		};
		C8887ED324C9BD7A00D4A7B2 /* loginSignup */ = {
			isa = PBXGroup;
			children = (
				C8887ECD24C9B32D00D4A7B2 /* LoginPage.swift */,
				C8887ECF24C9B34B00D4A7B2 /* SignupPage.swift */,
				C812303024C9FE4C00F20FAB /* SessionStore.swift */,
			);
			path = loginSignup;
			sourceTree = "<group>";
		};
		C8887ED424C9BE8800D4A7B2 /* Map */ = {
			isa = PBXGroup;
			children = (
				C8DF71CB24BE084400E0F006 /* ListView.swift */,
				C8EF835D24BF128B00522F3C /* MapView.swift */,
				C8EF836124BF462900522F3C /* GoogleMapView.swift */,
				C8EF836724BF7E5000522F3C /* PlacesList.swift */,
			);
			path = Map;
			sourceTree = "<group>";
		};
		C8B54A4624CB1015001F3F77 /* AfterLogin */ = {
			isa = PBXGroup;
			children = (
				C8887ED424C9BE8800D4A7B2 /* Map */,
				C8B54A4724CB1040001F3F77 /* test.swift */,
			);
			path = AfterLogin;
			sourceTree = "<group>";
		};
		C8C1A791249B87AD00B3704A = {
			isa = PBXGroup;
			children = (
				C8C1A79C249B87AE00B3704A /* YaXerit */,
				C8C1A79B249B87AE00B3704A /* Products */,
				67593A71524F47E324EAF65A /* Pods */,
				BE626A809CD899CE3186D1ED /* Frameworks */,
			);
			sourceTree = "<group>";
		};
		C8C1A79B249B87AE00B3704A /* Products */ = {
			isa = PBXGroup;
			children = (
				C8C1A79A249B87AE00B3704A /* YaXerit.app */,
			);
			name = Products;
			sourceTree = "<group>";
		};
		C8C1A79C249B87AE00B3704A /* YaXerit */ = {
			isa = PBXGroup;
			children = (
				C871DA6124A2696200DE1600 /* Models */,
				C805FB0924A21E610080E00E /* Managers */,
				C8059127249F6B73007C876A /* Views */,
				C8C1A79D249B87AE00B3704A /* AppDelegate.swift */,
				C8C1A79F249B87AE00B3704A /* SceneDelegate.swift */,
				C8C1A7A1249B87AE00B3704A /* ContentView.swift */,
				C8C1A7A3249B87B200B3704A /* Assets.xcassets */,
				C8C1A7A8249B87B200B3704A /* LaunchScreen.storyboard */,
				C8C1A7AB249B87B200B3704A /* Info.plist */,
				C8B54A4424CAE30B001F3F77 /* GoogleService-Info.plist */,
				C8C1A7A5249B87B200B3704A /* Preview Content */,
			);
			path = YaXerit;
			sourceTree = "<group>";
		};
		C8C1A7A5249B87B200B3704A /* Preview Content */ = {
			isa = PBXGroup;
			children = (
				C8C1A7A6249B87B200B3704A /* Preview Assets.xcassets */,
			);
			path = "Preview Content";
			sourceTree = "<group>";
		};
/* End PBXGroup section */

/* Begin PBXNativeTarget section */
		C8C1A799249B87AD00B3704A /* YaXerit */ = {
			isa = PBXNativeTarget;
			buildConfigurationList = C8C1A7AE249B87B200B3704A /* Build configuration list for PBXNativeTarget "YaXerit" */;
			buildPhases = (
				DD919A881DC5B05CE9225616 /* [CP] Check Pods Manifest.lock */,
				C8C1A796249B87AD00B3704A /* Sources */,
				C8C1A797249B87AD00B3704A /* Frameworks */,
				C8C1A798249B87AD00B3704A /* Resources */,
				00721B6BE79CCE97448BBCFD /* [CP] Copy Pods Resources */,
				6AB35DFA3FAF68E79596BACC /* [CP] Embed Pods Frameworks */,
			);
			buildRules = (
			);
			dependencies = (
			);
			name = YaXerit;
			productName = YaXerit;
			productReference = C8C1A79A249B87AE00B3704A /* YaXerit.app */;
			productType = "com.apple.product-type.application";
		};
/* End PBXNativeTarget section */

/* Begin PBXProject section */
		C8C1A792249B87AD00B3704A /* Project object */ = {
			isa = PBXProject;
			attributes = {
				LastSwiftUpdateCheck = 1150;
				LastUpgradeCheck = 1150;
				ORGANIZATIONNAME = "Huseyn Gorbani";
				TargetAttributes = {
					C8C1A799249B87AD00B3704A = {
						CreatedOnToolsVersion = 11.5;
					};
				};
			};
			buildConfigurationList = C8C1A795249B87AD00B3704A /* Build configuration list for PBXProject "YaXerit" */;
			compatibilityVersion = "Xcode 9.3";
			developmentRegion = en;
			hasScannedForEncodings = 0;
			knownRegions = (
				en,
				Base,
			);
			mainGroup = C8C1A791249B87AD00B3704A;
			productRefGroup = C8C1A79B249B87AE00B3704A /* Products */;
			projectDirPath = "";
			projectRoot = "";
			targets = (
				C8C1A799249B87AD00B3704A /* YaXerit */,
			);
		};
/* End PBXProject section */

/* Begin PBXResourcesBuildPhase section */
		C8C1A798249B87AD00B3704A /* Resources */ = {
			isa = PBXResourcesBuildPhase;
			buildActionMask = 2147483647;
			files = (
				C8C1A7AA249B87B200B3704A /* LaunchScreen.storyboard in Resources */,
				C8B54A4524CAE30B001F3F77 /* GoogleService-Info.plist in Resources */,
				C8C1A7A7249B87B200B3704A /* Preview Assets.xcassets in Resources */,
				C8C1A7A4249B87B200B3704A /* Assets.xcassets in Resources */,
			);
			runOnlyForDeploymentPostprocessing = 0;
		};
/* End PBXResourcesBuildPhase section */

/* Begin PBXShellScriptBuildPhase section */
		00721B6BE79CCE97448BBCFD /* [CP] Copy Pods Resources */ = {
			isa = PBXShellScriptBuildPhase;
			buildActionMask = 2147483647;
			files = (
			);
			inputFileListPaths = (
				"${PODS_ROOT}/Target Support Files/Pods-YaXerit/Pods-YaXerit-resources-${CONFIGURATION}-input-files.xcfilelist",
			);
			name = "[CP] Copy Pods Resources";
			outputFileListPaths = (
				"${PODS_ROOT}/Target Support Files/Pods-YaXerit/Pods-YaXerit-resources-${CONFIGURATION}-output-files.xcfilelist",
			);
			runOnlyForDeploymentPostprocessing = 0;
			shellPath = /bin/sh;
			shellScript = "\"${PODS_ROOT}/Target Support Files/Pods-YaXerit/Pods-YaXerit-resources.sh\"\n";
			showEnvVarsInLog = 0;
		};
		6AB35DFA3FAF68E79596BACC /* [CP] Embed Pods Frameworks */ = {
			isa = PBXShellScriptBuildPhase;
			buildActionMask = 2147483647;
			files = (
			);
			inputFileListPaths = (
				"${PODS_ROOT}/Target Support Files/Pods-YaXerit/Pods-YaXerit-frameworks-${CONFIGURATION}-input-files.xcfilelist",
			);
			name = "[CP] Embed Pods Frameworks";
			outputFileListPaths = (
				"${PODS_ROOT}/Target Support Files/Pods-YaXerit/Pods-YaXerit-frameworks-${CONFIGURATION}-output-files.xcfilelist",
			);
			runOnlyForDeploymentPostprocessing = 0;
			shellPath = /bin/sh;
			shellScript = "\"${PODS_ROOT}/Target Support Files/Pods-YaXerit/Pods-YaXerit-frameworks.sh\"\n";
			showEnvVarsInLog = 0;
		};
		DD919A881DC5B05CE9225616 /* [CP] Check Pods Manifest.lock */ = {
			isa = PBXShellScriptBuildPhase;
			buildActionMask = 2147483647;
			files = (
			);
			inputFileListPaths = (
			);
			inputPaths = (
				"${PODS_PODFILE_DIR_PATH}/Podfile.lock",
				"${PODS_ROOT}/Manifest.lock",
			);
			name = "[CP] Check Pods Manifest.lock";
			outputFileListPaths = (
			);
			outputPaths = (
				"$(DERIVED_FILE_DIR)/Pods-YaXerit-checkManifestLockResult.txt",
			);
			runOnlyForDeploymentPostprocessing = 0;
			shellPath = /bin/sh;
			shellScript = "diff \"${PODS_PODFILE_DIR_PATH}/Podfile.lock\" \"${PODS_ROOT}/Manifest.lock\" > /dev/null\nif [ $? != 0 ] ; then\n    # print error to STDERR\n    echo \"error: The sandbox is not in sync with the Podfile.lock. Run 'pod install' or update your CocoaPods installation.\" >&2\n    exit 1\nfi\n# This output is used by Xcode 'outputs' to avoid re-running this script phase.\necho \"SUCCESS\" > \"${SCRIPT_OUTPUT_FILE_0}\"\n";
			showEnvVarsInLog = 0;
		};
/* End PBXShellScriptBuildPhase section */

/* Begin PBXSourcesBuildPhase section */
		C8C1A796249B87AD00B3704A /* Sources */ = {
			isa = PBXSourcesBuildPhase;
			buildActionMask = 2147483647;
			files = (
				C8EF836224BF462900522F3C /* GoogleMapView.swift in Sources */,
				C8EF836624BF7D7800522F3C /* PlacesManager.swift in Sources */,
				C8DF71CC24BE084400E0F006 /* ListView.swift in Sources */,
				C8887ED024C9B34B00D4A7B2 /* SignupPage.swift in Sources */,
				C8C1A79E249B87AE00B3704A /* AppDelegate.swift in Sources */,
				C8B54A4824CB1040001F3F77 /* test.swift in Sources */,
				C8887ECE24C9B32D00D4A7B2 /* LoginPage.swift in Sources */,
				C8EF836824BF7E5000522F3C /* PlacesList.swift in Sources */,
				C8EF836424BF787900522F3C /* LocationManager.swift in Sources */,
				C8EF835E24BF128B00522F3C /* MapView.swift in Sources */,
				C8AC3D7C24C46C2F00457994 /* LocationManager2.swift in Sources */,
				C812303124C9FE4C00F20FAB /* SessionStore.swift in Sources */,
				C8C1A7A0249B87AE00B3704A /* SceneDelegate.swift in Sources */,
				C8C1A7A2249B87AE00B3704A /* ContentView.swift in Sources */,
				C8AC3D8024C4A63100457994 /* RouteManager.swift in Sources */,
			);
			runOnlyForDeploymentPostprocessing = 0;
		};
/* End PBXSourcesBuildPhase section */

/* Begin PBXVariantGroup section */
		C8C1A7A8249B87B200B3704A /* LaunchScreen.storyboard */ = {
			isa = PBXVariantGroup;
			children = (
				C8C1A7A9249B87B200B3704A /* Base */,
			);
			name = LaunchScreen.storyboard;
			sourceTree = "<group>";
		};
/* End PBXVariantGroup section */

/* Begin XCBuildConfiguration section */
		C8C1A7AC249B87B200B3704A /* Debug */ = {
			isa = XCBuildConfiguration;
			buildSettings = {
				ALWAYS_SEARCH_USER_PATHS = NO;
				CLANG_ANALYZER_NONNULL = YES;
				CLANG_ANALYZER_NUMBER_OBJECT_CONVERSION = YES_AGGRESSIVE;
				CLANG_CXX_LANGUAGE_STANDARD = "gnu++14";
				CLANG_CXX_LIBRARY = "libc++";
				CLANG_ENABLE_MODULES = YES;
				CLANG_ENABLE_OBJC_ARC = YES;
				CLANG_ENABLE_OBJC_WEAK = YES;
				CLANG_WARN_BLOCK_CAPTURE_AUTORELEASING = YES;
				CLANG_WARN_BOOL_CONVERSION = YES;
				CLANG_WARN_COMMA = YES;
				CLANG_WARN_CONSTANT_CONVERSION = YES;
				CLANG_WARN_DEPRECATED_OBJC_IMPLEMENTATIONS = YES;
				CLANG_WARN_DIRECT_OBJC_ISA_USAGE = YES_ERROR;
				CLANG_WARN_DOCUMENTATION_COMMENTS = YES;
				CLANG_WARN_EMPTY_BODY = YES;
				CLANG_WARN_ENUM_CONVERSION = YES;
				CLANG_WARN_INFINITE_RECURSION = YES;
				CLANG_WARN_INT_CONVERSION = YES;
				CLANG_WARN_NON_LITERAL_NULL_CONVERSION = YES;
				CLANG_WARN_OBJC_IMPLICIT_RETAIN_SELF = YES;
				CLANG_WARN_OBJC_LITERAL_CONVERSION = YES;
				CLANG_WARN_OBJC_ROOT_CLASS = YES_ERROR;
				CLANG_WARN_RANGE_LOOP_ANALYSIS = YES;
				CLANG_WARN_STRICT_PROTOTYPES = YES;
				CLANG_WARN_SUSPICIOUS_MOVE = YES;
				CLANG_WARN_UNGUARDED_AVAILABILITY = YES_AGGRESSIVE;
				CLANG_WARN_UNREACHABLE_CODE = YES;
				CLANG_WARN__DUPLICATE_METHOD_MATCH = YES;
				COPY_PHASE_STRIP = NO;
				DEBUG_INFORMATION_FORMAT = dwarf;
				ENABLE_STRICT_OBJC_MSGSEND = YES;
				ENABLE_TESTABILITY = YES;
				GCC_C_LANGUAGE_STANDARD = gnu11;
				GCC_DYNAMIC_NO_PIC = NO;
				GCC_NO_COMMON_BLOCKS = YES;
				GCC_OPTIMIZATION_LEVEL = 0;
				GCC_PREPROCESSOR_DEFINITIONS = (
					"DEBUG=1",
					"$(inherited)",
				);
				GCC_WARN_64_TO_32_BIT_CONVERSION = YES;
				GCC_WARN_ABOUT_RETURN_TYPE = YES_ERROR;
				GCC_WARN_UNDECLARED_SELECTOR = YES;
				GCC_WARN_UNINITIALIZED_AUTOS = YES_AGGRESSIVE;
				GCC_WARN_UNUSED_FUNCTION = YES;
				GCC_WARN_UNUSED_VARIABLE = YES;
				IPHONEOS_DEPLOYMENT_TARGET = 13.5;
				MTL_ENABLE_DEBUG_INFO = INCLUDE_SOURCE;
				MTL_FAST_MATH = YES;
				ONLY_ACTIVE_ARCH = YES;
				SDKROOT = iphoneos;
				SWIFT_ACTIVE_COMPILATION_CONDITIONS = DEBUG;
				SWIFT_OPTIMIZATION_LEVEL = "-Onone";
			};
			name = Debug;
		};
		C8C1A7AD249B87B200B3704A /* Release */ = {
			isa = XCBuildConfiguration;
			buildSettings = {
				ALWAYS_SEARCH_USER_PATHS = NO;
				CLANG_ANALYZER_NONNULL = YES;
				CLANG_ANALYZER_NUMBER_OBJECT_CONVERSION = YES_AGGRESSIVE;
				CLANG_CXX_LANGUAGE_STANDARD = "gnu++14";
				CLANG_CXX_LIBRARY = "libc++";
				CLANG_ENABLE_MODULES = YES;
				CLANG_ENABLE_OBJC_ARC = YES;
				CLANG_ENABLE_OBJC_WEAK = YES;
				CLANG_WARN_BLOCK_CAPTURE_AUTORELEASING = YES;
				CLANG_WARN_BOOL_CONVERSION = YES;
				CLANG_WARN_COMMA = YES;
				CLANG_WARN_CONSTANT_CONVERSION = YES;
				CLANG_WARN_DEPRECATED_OBJC_IMPLEMENTATIONS = YES;
				CLANG_WARN_DIRECT_OBJC_ISA_USAGE = YES_ERROR;
				CLANG_WARN_DOCUMENTATION_COMMENTS = YES;
				CLANG_WARN_EMPTY_BODY = YES;
				CLANG_WARN_ENUM_CONVERSION = YES;
				CLANG_WARN_INFINITE_RECURSION = YES;
				CLANG_WARN_INT_CONVERSION = YES;
				CLANG_WARN_NON_LITERAL_NULL_CONVERSION = YES;
				CLANG_WARN_OBJC_IMPLICIT_RETAIN_SELF = YES;
				CLANG_WARN_OBJC_LITERAL_CONVERSION = YES;
				CLANG_WARN_OBJC_ROOT_CLASS = YES_ERROR;
				CLANG_WARN_RANGE_LOOP_ANALYSIS = YES;
				CLANG_WARN_STRICT_PROTOTYPES = YES;
				CLANG_WARN_SUSPICIOUS_MOVE = YES;
				CLANG_WARN_UNGUARDED_AVAILABILITY = YES_AGGRESSIVE;
				CLANG_WARN_UNREACHABLE_CODE = YES;
				CLANG_WARN__DUPLICATE_METHOD_MATCH = YES;
				COPY_PHASE_STRIP = NO;
				DEBUG_INFORMATION_FORMAT = "dwarf-with-dsym";
				ENABLE_NS_ASSERTIONS = NO;
				ENABLE_STRICT_OBJC_MSGSEND = YES;
				GCC_C_LANGUAGE_STANDARD = gnu11;
				GCC_NO_COMMON_BLOCKS = YES;
				GCC_WARN_64_TO_32_BIT_CONVERSION = YES;
				GCC_WARN_ABOUT_RETURN_TYPE = YES_ERROR;
				GCC_WARN_UNDECLARED_SELECTOR = YES;
				GCC_WARN_UNINITIALIZED_AUTOS = YES_AGGRESSIVE;
				GCC_WARN_UNUSED_FUNCTION = YES;
				GCC_WARN_UNUSED_VARIABLE = YES;
				IPHONEOS_DEPLOYMENT_TARGET = 13.5;
				MTL_ENABLE_DEBUG_INFO = NO;
				MTL_FAST_MATH = YES;
				SDKROOT = iphoneos;
				SWIFT_COMPILATION_MODE = wholemodule;
				SWIFT_OPTIMIZATION_LEVEL = "-O";
				VALIDATE_PRODUCT = YES;
			};
			name = Release;
		};
		C8C1A7AF249B87B200B3704A /* Debug */ = {
			isa = XCBuildConfiguration;
			baseConfigurationReference = 05B92F0C6EDAC5CCE631B2E0 /* Pods-YaXerit.debug.xcconfig */;
			buildSettings = {
				ASSETCATALOG_COMPILER_APPICON_NAME = AppIcon;
				CODE_SIGN_STYLE = Automatic;
				DEVELOPMENT_ASSET_PATHS = "\"YaXerit/Preview Content\"";
				DEVELOPMENT_TEAM = ABH9M92BSH;
				ENABLE_PREVIEWS = YES;
				INFOPLIST_FILE = YaXerit/Info.plist;
				LD_RUNPATH_SEARCH_PATHS = (
					"$(inherited)",
					"@executable_path/Frameworks",
				);
				PRODUCT_BUNDLE_IDENTIFIER = Test.SWFT.Huseyn.Gorbani.YaXerit;
				PRODUCT_NAME = "$(TARGET_NAME)";
				SWIFT_VERSION = 5.0;
				TARGETED_DEVICE_FAMILY = "1,2";
			};
			name = Debug;
		};
		C8C1A7B0249B87B200B3704A /* Release */ = {
			isa = XCBuildConfiguration;
			baseConfigurationReference = 1A16363667B91465BC095337 /* Pods-YaXerit.release.xcconfig */;
			buildSettings = {
				ASSETCATALOG_COMPILER_APPICON_NAME = AppIcon;
				CODE_SIGN_STYLE = Automatic;
				DEVELOPMENT_ASSET_PATHS = "\"YaXerit/Preview Content\"";
				DEVELOPMENT_TEAM = ABH9M92BSH;
				ENABLE_PREVIEWS = YES;
				INFOPLIST_FILE = YaXerit/Info.plist;
				LD_RUNPATH_SEARCH_PATHS = (
					"$(inherited)",
					"@executable_path/Frameworks",
				);
				PRODUCT_BUNDLE_IDENTIFIER = Test.SWFT.Huseyn.Gorbani.YaXerit;
				PRODUCT_NAME = "$(TARGET_NAME)";
				SWIFT_VERSION = 5.0;
				TARGETED_DEVICE_FAMILY = "1,2";
			};
			name = Release;
		};
/* End XCBuildConfiguration section */

/* Begin XCConfigurationList section */
		C8C1A795249B87AD00B3704A /* Build configuration list for PBXProject "YaXerit" */ = {
			isa = XCConfigurationList;
			buildConfigurations = (
				C8C1A7AC249B87B200B3704A /* Debug */,
				C8C1A7AD249B87B200B3704A /* Release */,
			);
			defaultConfigurationIsVisible = 0;
			defaultConfigurationName = Release;
		};
		C8C1A7AE249B87B200B3704A /* Build configuration list for PBXNativeTarget "YaXerit" */ = {
			isa = XCConfigurationList;
			buildConfigurations = (
				C8C1A7AF249B87B200B3704A /* Debug */,
				C8C1A7B0249B87B200B3704A /* Release */,
			);
			defaultConfigurationIsVisible = 0;
			defaultConfigurationName = Release;
		};
/* End XCConfigurationList section */
	};
	rootObject = C8C1A792249B87AD00B3704A /* Project object */;
}
