// !$*UTF8*$!
{
	archiveVersion = 1;
	classes = {
	};
	objectVersion = 50;
	objects = {

/* Begin PBXBuildFile section */
		C8059129249FCA81007C876A /* TwoPointsDirection.swift in Sources */ = {isa = PBXBuildFile; fileRef = C8059128249FCA81007C876A /* TwoPointsDirection.swift */; };
		C805FB0B24A220270080E00E /* LocationManager.swift in Sources */ = {isa = PBXBuildFile; fileRef = C805FB0A24A220270080E00E /* LocationManager.swift */; };
		C853F52824A35ABD004660D7 /* Direction.swift in Sources */ = {isa = PBXBuildFile; fileRef = C853F52724A35ABD004660D7 /* Direction.swift */; };
		C871DA6024A2248100DE1600 /* MapView.swift in Sources */ = {isa = PBXBuildFile; fileRef = C871DA5F24A2248100DE1600 /* MapView.swift */; };
		C871DA6324A2697800DE1600 /* Landmark.swift in Sources */ = {isa = PBXBuildFile; fileRef = C871DA6224A2697800DE1600 /* Landmark.swift */; };
		C871DA6524A26A0E00DE1600 /* LandmarkAnnotation.swift in Sources */ = {isa = PBXBuildFile; fileRef = C871DA6424A26A0E00DE1600 /* LandmarkAnnotation.swift */; };
		C871DA6724A277B000DE1600 /* PlaceListView.swift in Sources */ = {isa = PBXBuildFile; fileRef = C871DA6624A277B000DE1600 /* PlaceListView.swift */; };
		C8869BFC249E01FB00883A36 /* Map.swift in Sources */ = {isa = PBXBuildFile; fileRef = C8869BFB249E01FB00883A36 /* Map.swift */; };
		C8C1A79E249B87AE00B3704A /* AppDelegate.swift in Sources */ = {isa = PBXBuildFile; fileRef = C8C1A79D249B87AE00B3704A /* AppDelegate.swift */; };
		C8C1A7A0249B87AE00B3704A /* SceneDelegate.swift in Sources */ = {isa = PBXBuildFile; fileRef = C8C1A79F249B87AE00B3704A /* SceneDelegate.swift */; };
		C8C1A7A2249B87AE00B3704A /* ContentView.swift in Sources */ = {isa = PBXBuildFile; fileRef = C8C1A7A1249B87AE00B3704A /* ContentView.swift */; };
		C8C1A7A4249B87B200B3704A /* Assets.xcassets in Resources */ = {isa = PBXBuildFile; fileRef = C8C1A7A3249B87B200B3704A /* Assets.xcassets */; };
		C8C1A7A7249B87B200B3704A /* Preview Assets.xcassets in Resources */ = {isa = PBXBuildFile; fileRef = C8C1A7A6249B87B200B3704A /* Preview Assets.xcassets */; };
		C8C1A7AA249B87B200B3704A /* LaunchScreen.storyboard in Resources */ = {isa = PBXBuildFile; fileRef = C8C1A7A8249B87B200B3704A /* LaunchScreen.storyboard */; };
/* End PBXBuildFile section */

/* Begin PBXFileReference section */
		C8059128249FCA81007C876A /* TwoPointsDirection.swift */ = {isa = PBXFileReference; lastKnownFileType = sourcecode.swift; path = TwoPointsDirection.swift; sourceTree = "<group>"; };
		C805FB0A24A220270080E00E /* LocationManager.swift */ = {isa = PBXFileReference; lastKnownFileType = sourcecode.swift; path = LocationManager.swift; sourceTree = "<group>"; };
		C853F52724A35ABD004660D7 /* Direction.swift */ = {isa = PBXFileReference; lastKnownFileType = sourcecode.swift; path = Direction.swift; sourceTree = "<group>"; };
		C871DA5F24A2248100DE1600 /* MapView.swift */ = {isa = PBXFileReference; lastKnownFileType = sourcecode.swift; path = MapView.swift; sourceTree = "<group>"; };
		C871DA6224A2697800DE1600 /* Landmark.swift */ = {isa = PBXFileReference; lastKnownFileType = sourcecode.swift; path = Landmark.swift; sourceTree = "<group>"; };
		C871DA6424A26A0E00DE1600 /* LandmarkAnnotation.swift */ = {isa = PBXFileReference; lastKnownFileType = sourcecode.swift; path = LandmarkAnnotation.swift; sourceTree = "<group>"; };
		C871DA6624A277B000DE1600 /* PlaceListView.swift */ = {isa = PBXFileReference; lastKnownFileType = sourcecode.swift; path = PlaceListView.swift; sourceTree = "<group>"; };
		C8869BFB249E01FB00883A36 /* Map.swift */ = {isa = PBXFileReference; lastKnownFileType = sourcecode.swift; path = Map.swift; sourceTree = "<group>"; };
		C8C1A79A249B87AE00B3704A /* YaXerit.app */ = {isa = PBXFileReference; explicitFileType = wrapper.application; includeInIndex = 0; path = YaXerit.app; sourceTree = BUILT_PRODUCTS_DIR; };
		C8C1A79D249B87AE00B3704A /* AppDelegate.swift */ = {isa = PBXFileReference; lastKnownFileType = sourcecode.swift; path = AppDelegate.swift; sourceTree = "<group>"; };
		C8C1A79F249B87AE00B3704A /* SceneDelegate.swift */ = {isa = PBXFileReference; lastKnownFileType = sourcecode.swift; path = SceneDelegate.swift; sourceTree = "<group>"; };
		C8C1A7A1249B87AE00B3704A /* ContentView.swift */ = {isa = PBXFileReference; lastKnownFileType = sourcecode.swift; path = ContentView.swift; sourceTree = "<group>"; };
		C8C1A7A3249B87B200B3704A /* Assets.xcassets */ = {isa = PBXFileReference; lastKnownFileType = folder.assetcatalog; path = Assets.xcassets; sourceTree = "<group>"; };
		C8C1A7A6249B87B200B3704A /* Preview Assets.xcassets */ = {isa = PBXFileReference; lastKnownFileType = folder.assetcatalog; path = "Preview Assets.xcassets"; sourceTree = "<group>"; };
		C8C1A7A9249B87B200B3704A /* Base */ = {isa = PBXFileReference; lastKnownFileType = file.storyboard; name = Base; path = Base.lproj/LaunchScreen.storyboard; sourceTree = "<group>"; };
		C8C1A7AB249B87B200B3704A /* Info.plist */ = {isa = PBXFileReference; lastKnownFileType = text.plist.xml; path = Info.plist; sourceTree = "<group>"; };
/* End PBXFileReference section */

/* Begin PBXFrameworksBuildPhase section */
		C8C1A797249B87AD00B3704A /* Frameworks */ = {
			isa = PBXFrameworksBuildPhase;
			buildActionMask = 2147483647;
			files = (
			);
			runOnlyForDeploymentPostprocessing = 0;
		};
/* End PBXFrameworksBuildPhase section */

/* Begin PBXGroup section */
		C8059127249F6B73007C876A /* Views */ = {
			isa = PBXGroup;
			children = (
				C8869BFB249E01FB00883A36 /* Map.swift */,
				C8059128249FCA81007C876A /* TwoPointsDirection.swift */,
				C871DA5F24A2248100DE1600 /* MapView.swift */,
				C871DA6624A277B000DE1600 /* PlaceListView.swift */,
				C853F52724A35ABD004660D7 /* Direction.swift */,
			);
			path = Views;
			sourceTree = "<group>";
		};
		C805FB0924A21E610080E00E /* Managers */ = {
			isa = PBXGroup;
			children = (
				C805FB0A24A220270080E00E /* LocationManager.swift */,
			);
			path = Managers;
			sourceTree = "<group>";
		};
		C871DA6124A2696200DE1600 /* Models */ = {
			isa = PBXGroup;
			children = (
				C871DA6224A2697800DE1600 /* Landmark.swift */,
				C871DA6424A26A0E00DE1600 /* LandmarkAnnotation.swift */,
			);
			path = Models;
			sourceTree = "<group>";
		};
		C8C1A791249B87AD00B3704A = {
			isa = PBXGroup;
			children = (
				C8C1A79C249B87AE00B3704A /* YaXerit */,
				C8C1A79B249B87AE00B3704A /* Products */,
			);
			sourceTree = "<group>";
		};
		C8C1A79B249B87AE00B3704A /* Products */ = {
			isa = PBXGroup;
			children = (
				C8C1A79A249B87AE00B3704A /* YaXerit.app */,
			);
			name = Products;
			sourceTree = "<group>";
		};
		C8C1A79C249B87AE00B3704A /* YaXerit */ = {
			isa = PBXGroup;
			children = (
				C871DA6124A2696200DE1600 /* Models */,
				C805FB0924A21E610080E00E /* Managers */,
				C8059127249F6B73007C876A /* Views */,
				C8C1A79D249B87AE00B3704A /* AppDelegate.swift */,
				C8C1A79F249B87AE00B3704A /* SceneDelegate.swift */,
				C8C1A7A1249B87AE00B3704A /* ContentView.swift */,
				C8C1A7A3249B87B200B3704A /* Assets.xcassets */,
				C8C1A7A8249B87B200B3704A /* LaunchScreen.storyboard */,
				C8C1A7AB249B87B200B3704A /* Info.plist */,
				C8C1A7A5249B87B200B3704A /* Preview Content */,
			);
			path = YaXerit;
			sourceTree = "<group>";
		};
		C8C1A7A5249B87B200B3704A /* Preview Content */ = {
			isa = PBXGroup;
			children = (
				C8C1A7A6249B87B200B3704A /* Preview Assets.xcassets */,
			);
			path = "Preview Content";
			sourceTree = "<group>";
		};
/* End PBXGroup section */

/* Begin PBXNativeTarget section */
		C8C1A799249B87AD00B3704A /* YaXerit */ = {
			isa = PBXNativeTarget;
			buildConfigurationList = C8C1A7AE249B87B200B3704A /* Build configuration list for PBXNativeTarget "YaXerit" */;
			buildPhases = (
				C8C1A796249B87AD00B3704A /* Sources */,
				C8C1A797249B87AD00B3704A /* Frameworks */,
				C8C1A798249B87AD00B3704A /* Resources */,
			);
			buildRules = (
			);
			dependencies = (
			);
			name = YaXerit;
			productName = YaXerit;
			productReference = C8C1A79A249B87AE00B3704A /* YaXerit.app */;
			productType = "com.apple.product-type.application";
		};
/* End PBXNativeTarget section */

/* Begin PBXProject section */
		C8C1A792249B87AD00B3704A /* Project object */ = {
			isa = PBXProject;
			attributes = {
				LastSwiftUpdateCheck = 1150;
				LastUpgradeCheck = 1150;
				ORGANIZATIONNAME = "Huseyn Gorbani";
				TargetAttributes = {
					C8C1A799249B87AD00B3704A = {
						CreatedOnToolsVersion = 11.5;
					};
				};
			};
			buildConfigurationList = C8C1A795249B87AD00B3704A /* Build configuration list for PBXProject "YaXerit" */;
			compatibilityVersion = "Xcode 9.3";
			developmentRegion = en;
			hasScannedForEncodings = 0;
			knownRegions = (
				en,
				Base,
			);
			mainGroup = C8C1A791249B87AD00B3704A;
			productRefGroup = C8C1A79B249B87AE00B3704A /* Products */;
			projectDirPath = "";
			projectRoot = "";
			targets = (
				C8C1A799249B87AD00B3704A /* YaXerit */,
			);
		};
/* End PBXProject section */

/* Begin PBXResourcesBuildPhase section */
		C8C1A798249B87AD00B3704A /* Resources */ = {
			isa = PBXResourcesBuildPhase;
			buildActionMask = 2147483647;
			files = (
				C8C1A7AA249B87B200B3704A /* LaunchScreen.storyboard in Resources */,
				C8C1A7A7249B87B200B3704A /* Preview Assets.xcassets in Resources */,
				C8C1A7A4249B87B200B3704A /* Assets.xcassets in Resources */,
			);
			runOnlyForDeploymentPostprocessing = 0;
		};
/* End PBXResourcesBuildPhase section */

/* Begin PBXSourcesBuildPhase section */
		C8C1A796249B87AD00B3704A /* Sources */ = {
			isa = PBXSourcesBuildPhase;
			buildActionMask = 2147483647;
			files = (
				C871DA6024A2248100DE1600 /* MapView.swift in Sources */,
				C8C1A79E249B87AE00B3704A /* AppDelegate.swift in Sources */,
				C871DA6724A277B000DE1600 /* PlaceListView.swift in Sources */,
				C8C1A7A0249B87AE00B3704A /* SceneDelegate.swift in Sources */,
				C871DA6324A2697800DE1600 /* Landmark.swift in Sources */,
				C805FB0B24A220270080E00E /* LocationManager.swift in Sources */,
				C853F52824A35ABD004660D7 /* Direction.swift in Sources */,
				C871DA6524A26A0E00DE1600 /* LandmarkAnnotation.swift in Sources */,
				C8869BFC249E01FB00883A36 /* Map.swift in Sources */,
				C8C1A7A2249B87AE00B3704A /* ContentView.swift in Sources */,
				C8059129249FCA81007C876A /* TwoPointsDirection.swift in Sources */,
			);
			runOnlyForDeploymentPostprocessing = 0;
		};
/* End PBXSourcesBuildPhase section */

/* Begin PBXVariantGroup section */
		C8C1A7A8249B87B200B3704A /* LaunchScreen.storyboard */ = {
			isa = PBXVariantGroup;
			children = (
				C8C1A7A9249B87B200B3704A /* Base */,
			);
			name = LaunchScreen.storyboard;
			sourceTree = "<group>";
		};
/* End PBXVariantGroup section */

/* Begin XCBuildConfiguration section */
		C8C1A7AC249B87B200B3704A /* Debug */ = {
			isa = XCBuildConfiguration;
			buildSettings = {
				ALWAYS_SEARCH_USER_PATHS = NO;
				CLANG_ANALYZER_NONNULL = YES;
				CLANG_ANALYZER_NUMBER_OBJECT_CONVERSION = YES_AGGRESSIVE;
				CLANG_CXX_LANGUAGE_STANDARD = "gnu++14";
				CLANG_CXX_LIBRARY = "libc++";
				CLANG_ENABLE_MODULES = YES;
				CLANG_ENABLE_OBJC_ARC = YES;
				CLANG_ENABLE_OBJC_WEAK = YES;
				CLANG_WARN_BLOCK_CAPTURE_AUTORELEASING = YES;
				CLANG_WARN_BOOL_CONVERSION = YES;
				CLANG_WARN_COMMA = YES;
				CLANG_WARN_CONSTANT_CONVERSION = YES;
				CLANG_WARN_DEPRECATED_OBJC_IMPLEMENTATIONS = YES;
				CLANG_WARN_DIRECT_OBJC_ISA_USAGE = YES_ERROR;
				CLANG_WARN_DOCUMENTATION_COMMENTS = YES;
				CLANG_WARN_EMPTY_BODY = YES;
				CLANG_WARN_ENUM_CONVERSION = YES;
				CLANG_WARN_INFINITE_RECURSION = YES;
				CLANG_WARN_INT_CONVERSION = YES;
				CLANG_WARN_NON_LITERAL_NULL_CONVERSION = YES;
				CLANG_WARN_OBJC_IMPLICIT_RETAIN_SELF = YES;
				CLANG_WARN_OBJC_LITERAL_CONVERSION = YES;
				CLANG_WARN_OBJC_ROOT_CLASS = YES_ERROR;
				CLANG_WARN_RANGE_LOOP_ANALYSIS = YES;
				CLANG_WARN_STRICT_PROTOTYPES = YES;
				CLANG_WARN_SUSPICIOUS_MOVE = YES;
				CLANG_WARN_UNGUARDED_AVAILABILITY = YES_AGGRESSIVE;
				CLANG_WARN_UNREACHABLE_CODE = YES;
				CLANG_WARN__DUPLICATE_METHOD_MATCH = YES;
				COPY_PHASE_STRIP = NO;
				DEBUG_INFORMATION_FORMAT = dwarf;
				ENABLE_STRICT_OBJC_MSGSEND = YES;
				ENABLE_TESTABILITY = YES;
				GCC_C_LANGUAGE_STANDARD = gnu11;
				GCC_DYNAMIC_NO_PIC = NO;
				GCC_NO_COMMON_BLOCKS = YES;
				GCC_OPTIMIZATION_LEVEL = 0;
				GCC_PREPROCESSOR_DEFINITIONS = (
					"DEBUG=1",
					"$(inherited)",
				);
				GCC_WARN_64_TO_32_BIT_CONVERSION = YES;
				GCC_WARN_ABOUT_RETURN_TYPE = YES_ERROR;
				GCC_WARN_UNDECLARED_SELECTOR = YES;
				GCC_WARN_UNINITIALIZED_AUTOS = YES_AGGRESSIVE;
				GCC_WARN_UNUSED_FUNCTION = YES;
				GCC_WARN_UNUSED_VARIABLE = YES;
				IPHONEOS_DEPLOYMENT_TARGET = 13.5;
				MTL_ENABLE_DEBUG_INFO = INCLUDE_SOURCE;
				MTL_FAST_MATH = YES;
				ONLY_ACTIVE_ARCH = YES;
				SDKROOT = iphoneos;
				SWIFT_ACTIVE_COMPILATION_CONDITIONS = DEBUG;
				SWIFT_OPTIMIZATION_LEVEL = "-Onone";
			};
			name = Debug;
		};
		C8C1A7AD249B87B200B3704A /* Release */ = {
			isa = XCBuildConfiguration;
			buildSettings = {
				ALWAYS_SEARCH_USER_PATHS = NO;
				CLANG_ANALYZER_NONNULL = YES;
				CLANG_ANALYZER_NUMBER_OBJECT_CONVERSION = YES_AGGRESSIVE;
				CLANG_CXX_LANGUAGE_STANDARD = "gnu++14";
				CLANG_CXX_LIBRARY = "libc++";
				CLANG_ENABLE_MODULES = YES;
				CLANG_ENABLE_OBJC_ARC = YES;
				CLANG_ENABLE_OBJC_WEAK = YES;
				CLANG_WARN_BLOCK_CAPTURE_AUTORELEASING = YES;
				CLANG_WARN_BOOL_CONVERSION = YES;
				CLANG_WARN_COMMA = YES;
				CLANG_WARN_CONSTANT_CONVERSION = YES;
				CLANG_WARN_DEPRECATED_OBJC_IMPLEMENTATIONS = YES;
				CLANG_WARN_DIRECT_OBJC_ISA_USAGE = YES_ERROR;
				CLANG_WARN_DOCUMENTATION_COMMENTS = YES;
				CLANG_WARN_EMPTY_BODY = YES;
				CLANG_WARN_ENUM_CONVERSION = YES;
				CLANG_WARN_INFINITE_RECURSION = YES;
				CLANG_WARN_INT_CONVERSION = YES;
				CLANG_WARN_NON_LITERAL_NULL_CONVERSION = YES;
				CLANG_WARN_OBJC_IMPLICIT_RETAIN_SELF = YES;
				CLANG_WARN_OBJC_LITERAL_CONVERSION = YES;
				CLANG_WARN_OBJC_ROOT_CLASS = YES_ERROR;
				CLANG_WARN_RANGE_LOOP_ANALYSIS = YES;
				CLANG_WARN_STRICT_PROTOTYPES = YES;
				CLANG_WARN_SUSPICIOUS_MOVE = YES;
				CLANG_WARN_UNGUARDED_AVAILABILITY = YES_AGGRESSIVE;
				CLANG_WARN_UNREACHABLE_CODE = YES;
				CLANG_WARN__DUPLICATE_METHOD_MATCH = YES;
				COPY_PHASE_STRIP = NO;
				DEBUG_INFORMATION_FORMAT = "dwarf-with-dsym";
				ENABLE_NS_ASSERTIONS = NO;
				ENABLE_STRICT_OBJC_MSGSEND = YES;
				GCC_C_LANGUAGE_STANDARD = gnu11;
				GCC_NO_COMMON_BLOCKS = YES;
				GCC_WARN_64_TO_32_BIT_CONVERSION = YES;
				GCC_WARN_ABOUT_RETURN_TYPE = YES_ERROR;
				GCC_WARN_UNDECLARED_SELECTOR = YES;
				GCC_WARN_UNINITIALIZED_AUTOS = YES_AGGRESSIVE;
				GCC_WARN_UNUSED_FUNCTION = YES;
				GCC_WARN_UNUSED_VARIABLE = YES;
				IPHONEOS_DEPLOYMENT_TARGET = 13.5;
				MTL_ENABLE_DEBUG_INFO = NO;
				MTL_FAST_MATH = YES;
				SDKROOT = iphoneos;
				SWIFT_COMPILATION_MODE = wholemodule;
				SWIFT_OPTIMIZATION_LEVEL = "-O";
				VALIDATE_PRODUCT = YES;
			};
			name = Release;
		};
		C8C1A7AF249B87B200B3704A /* Debug */ = {
			isa = XCBuildConfiguration;
			buildSettings = {
				ASSETCATALOG_COMPILER_APPICON_NAME = AppIcon;
				CODE_SIGN_STYLE = Automatic;
				DEVELOPMENT_ASSET_PATHS = "\"YaXerit/Preview Content\"";
				DEVELOPMENT_TEAM = ABH9M92BSH;
				ENABLE_PREVIEWS = YES;
				INFOPLIST_FILE = YaXerit/Info.plist;
				LD_RUNPATH_SEARCH_PATHS = (
					"$(inherited)",
					"@executable_path/Frameworks",
				);
				PRODUCT_BUNDLE_IDENTIFIER = Test.SWFT.Huseyn.Gorbani.YaXerit;
				PRODUCT_NAME = "$(TARGET_NAME)";
				SWIFT_VERSION = 5.0;
				TARGETED_DEVICE_FAMILY = "1,2";
			};
			name = Debug;
		};
		C8C1A7B0249B87B200B3704A /* Release */ = {
			isa = XCBuildConfiguration;
			buildSettings = {
				ASSETCATALOG_COMPILER_APPICON_NAME = AppIcon;
				CODE_SIGN_STYLE = Automatic;
				DEVELOPMENT_ASSET_PATHS = "\"YaXerit/Preview Content\"";
				DEVELOPMENT_TEAM = ABH9M92BSH;
				ENABLE_PREVIEWS = YES;
				INFOPLIST_FILE = YaXerit/Info.plist;
				LD_RUNPATH_SEARCH_PATHS = (
					"$(inherited)",
					"@executable_path/Frameworks",
				);
				PRODUCT_BUNDLE_IDENTIFIER = Test.SWFT.Huseyn.Gorbani.YaXerit;
				PRODUCT_NAME = "$(TARGET_NAME)";
				SWIFT_VERSION = 5.0;
				TARGETED_DEVICE_FAMILY = "1,2";
			};
			name = Release;
		};
/* End XCBuildConfiguration section */

/* Begin XCConfigurationList section */
		C8C1A795249B87AD00B3704A /* Build configuration list for PBXProject "YaXerit" */ = {
			isa = XCConfigurationList;
			buildConfigurations = (
				C8C1A7AC249B87B200B3704A /* Debug */,
				C8C1A7AD249B87B200B3704A /* Release */,
			);
			defaultConfigurationIsVisible = 0;
			defaultConfigurationName = Release;
		};
		C8C1A7AE249B87B200B3704A /* Build configuration list for PBXNativeTarget "YaXerit" */ = {
			isa = XCConfigurationList;
			buildConfigurations = (
				C8C1A7AF249B87B200B3704A /* Debug */,
				C8C1A7B0249B87B200B3704A /* Release */,
			);
			defaultConfigurationIsVisible = 0;
			defaultConfigurationName = Release;
		};
/* End XCConfigurationList section */
	};
	rootObject = C8C1A792249B87AD00B3704A /* Project object */;
}
